
Microsoft Visual Studio Solution File, Format Version 12.00
# Visual Studio Version 17
VisualStudioVersion = 17.1.32228.430
MinimumVisualStudioVersion = 10.0.40219.1
Project("{FAE04EC0-301F-11D3-BF4B-00C04F79EFBC}") = "SiteTester", "SiteTester\SiteTester.csproj", "{824E4D19-07C3-419E-9723-59BC838FA258}"
EndProject
Global
	GlobalSection(SolutionConfigurationPlatforms) = preSolution
		Debug|Any CPU = Debug|Any CPU
		Release|Any CPU = Release|Any CPU
	EndGlobalSection
	GlobalSection(ProjectConfigurationPlatforms) = postSolution
		{824E4D19-07C3-419E-9723-59BC838FA258}.Debug|Any CPU.ActiveCfg = Debug|Any CPU
		{824E4D19-07C3-419E-9723-59BC838FA258}.Debug|Any CPU.Build.0 = Debug|Any CPU
		{824E4D19-07C3-419E-9723-59BC838FA258}.Release|Any CPU.ActiveCfg = Release|Any CPU
		{824E4D19-07C3-419E-9723-59BC838FA258}.Release|Any CPU.Build.0 = Release|Any CPU
	EndGlobalSection
	GlobalSection(SolutionProperties) = preSolution
		HideSolutionNode = FALSE
	EndGlobalSection
	GlobalSection(ExtensibilityGlobals) = postSolution
		SolutionGuid = {AB32F7B0-A3DA-449D-99DC-BDD47120AD8E}
	EndGlobalSection
EndGlobal
